
Microsoft Visual Studio Solution File, Format Version 12.00
# Visual Studio Version 16
VisualStudioVersion = 16.0.29409.12
MinimumVisualStudioVersion = 10.0.40219.1
Project("{FAE04EC0-301F-11D3-BF4B-00C04F79EFBC}") = "MertKaymaz_HW5", "MertKaymaz_HW5.csproj", "{BF801792-D66F-4F2D-AF30-547D7B9AE2DE}"
EndProject
Global
	GlobalSection(SolutionConfigurationPlatforms) = preSolution
		Debug|Any CPU = Debug|Any CPU
		Release|Any CPU = Release|Any CPU
	EndGlobalSection
	GlobalSection(ProjectConfigurationPlatforms) = postSolution
		{BF801792-D66F-4F2D-AF30-547D7B9AE2DE}.Debug|Any CPU.ActiveCfg = Debug|Any CPU
		{BF801792-D66F-4F2D-AF30-547D7B9AE2DE}.Debug|Any CPU.Build.0 = Debug|Any CPU
		{BF801792-D66F-4F2D-AF30-547D7B9AE2DE}.Release|Any CPU.ActiveCfg = Release|Any CPU
		{BF801792-D66F-4F2D-AF30-547D7B9AE2DE}.Release|Any CPU.Build.0 = Release|Any CPU
	EndGlobalSection
	GlobalSection(SolutionProperties) = preSolution
		HideSolutionNode = FALSE
	EndGlobalSection
	GlobalSection(ExtensibilityGlobals) = postSolution
		SolutionGuid = {9F67AD89-9332-4BE1-89AE-C75A6A9DAA69}
	EndGlobalSection
EndGlobal
